github.com/ethereum/go-ethereum v1.11.5 h1:3M1uan+LAUvdn+7wCEFrcMM4LJTeuxDrPTg/f31a5QQ=
github.com/ethereum/go-ethereum v1.11.5/go.mod h1:it7x0DWnTDMfVFdXcU6Ti4KEFQynLHVRarcSlPr0HBo=
golang.org/x/crypto v0.1.0 h1:MDRAIl0xIo9Io2xV565hzXHw3zVseKrJKodhohM5CjU=
golang.org/x/crypto v0.1.0/go.mod h1:RecgLatLF4+eUMCP1PoPZQb+cVrJcOPbHkTkbkB9sbw=
golang.org/x/sys v0.5.0 h1:MUK/U/4lj1t1oPg0HfuXDN/Z1wv31ZJ/YcPiGccS4DU=
golang.org/x/sys v0.5.0/go.mod h1:oPkhp1MJrh7nUepCBck5+mAzfO9JrbApNNgaTdGDITg=
