lockfileVersion: '6.0'

settings:
  autoInstallPeers: true
  excludeLinksFromLockfile: false

dependencies:
  '@openzeppelin/contracts':
    specifier: '*'
    version: 4.9.6

packages:

  /@openzeppelin/contracts@4.9.6:
    resolution: {integrity: sha512-xSmezSupL+y9VkHZJGDoCBpmnB2ogM13ccaYDWqJTfS3dbuHkgjuwDFUmaFauBCboQMGB/S5UqUl2y54X99BmA==}
    dev: false
